
Microsoft Visual Studio Solution File, Format Version 12.00
# Visual Studio Version 16
VisualStudioVersion = 16.0.29215.179
MinimumVisualStudioVersion = 10.0.40219.1
Project("{FAE04EC0-301F-11D3-BF4B-00C04F79EFBC}") = "Assigment.UI", "Assigment\Assigment.UI.csproj", "{9476C200-A71C-483A-A9CF-BDDF0A7F1AD3}"
EndProject
Project("{9A19103F-16F7-4668-BE54-9A1E7A4F7556}") = "Assigment.BAL", "Assigment.BAL\Assigment.BAL.csproj", "{60600665-6E7C-4935-B1B3-EE8E026B9B53}"
EndProject
Global
	GlobalSection(SolutionConfigurationPlatforms) = preSolution
		Debug|Any CPU = Debug|Any CPU
		Release|Any CPU = Release|Any CPU
	EndGlobalSection
	GlobalSection(ProjectConfigurationPlatforms) = postSolution
		{9476C200-A71C-483A-A9CF-BDDF0A7F1AD3}.Debug|Any CPU.ActiveCfg = Debug|Any CPU
		{9476C200-A71C-483A-A9CF-BDDF0A7F1AD3}.Debug|Any CPU.Build.0 = Debug|Any CPU
		{9476C200-A71C-483A-A9CF-BDDF0A7F1AD3}.Release|Any CPU.ActiveCfg = Release|Any CPU
		{9476C200-A71C-483A-A9CF-BDDF0A7F1AD3}.Release|Any CPU.Build.0 = Release|Any CPU
		{60600665-6E7C-4935-B1B3-EE8E026B9B53}.Debug|Any CPU.ActiveCfg = Debug|Any CPU
		{60600665-6E7C-4935-B1B3-EE8E026B9B53}.Debug|Any CPU.Build.0 = Debug|Any CPU
		{60600665-6E7C-4935-B1B3-EE8E026B9B53}.Release|Any CPU.ActiveCfg = Release|Any CPU
		{60600665-6E7C-4935-B1B3-EE8E026B9B53}.Release|Any CPU.Build.0 = Release|Any CPU
	EndGlobalSection
	GlobalSection(SolutionProperties) = preSolution
		HideSolutionNode = FALSE
	EndGlobalSection
	GlobalSection(ExtensibilityGlobals) = postSolution
		SolutionGuid = {4FEDDD37-E8A5-460B-ADD8-D6C3CBE73B4C}
	EndGlobalSection
EndGlobal
