
Microsoft Visual Studio Solution File, Format Version 12.00
# Visual Studio Version 16
VisualStudioVersion = 16.0.29009.5
MinimumVisualStudioVersion = 10.0.40219.1
Project("{FAE04EC0-301F-11D3-BF4B-00C04F79EFBC}") = "DotNetAssessment", "DotNetAssessment\DotNetAssessment.csproj", "{C284BC64-B8CB-467A-9E36-85C14DEF7B0B}"
EndProject
Global
	GlobalSection(SolutionConfigurationPlatforms) = preSolution
		Debug|Any CPU = Debug|Any CPU
		Release|Any CPU = Release|Any CPU
	EndGlobalSection
	GlobalSection(ProjectConfigurationPlatforms) = postSolution
		{C284BC64-B8CB-467A-9E36-85C14DEF7B0B}.Debug|Any CPU.ActiveCfg = Debug|Any CPU
		{C284BC64-B8CB-467A-9E36-85C14DEF7B0B}.Debug|Any CPU.Build.0 = Debug|Any CPU
		{C284BC64-B8CB-467A-9E36-85C14DEF7B0B}.Release|Any CPU.ActiveCfg = Release|Any CPU
		{C284BC64-B8CB-467A-9E36-85C14DEF7B0B}.Release|Any CPU.Build.0 = Release|Any CPU
	EndGlobalSection
	GlobalSection(SolutionProperties) = preSolution
		HideSolutionNode = FALSE
	EndGlobalSection
	GlobalSection(ExtensibilityGlobals) = postSolution
		SolutionGuid = {11C3CEAE-369C-4130-9E67-BEBDDB88C8C5}
	EndGlobalSection
EndGlobal
